
Microsoft Visual Studio Solution File, Format Version 12.00
# Visual Studio Version 17
VisualStudioVersion = 17.2.32630.192
MinimumVisualStudioVersion = 10.0.40219.1
Project("{FAE04EC0-301F-11D3-BF4B-00C04F79EFBC}") = "ShopperApp", "ShopperApp.csproj", "{CE146B8D-2D0A-44F7-98B3-D4A414A99AB8}"
EndProject
Global
	GlobalSection(SolutionConfigurationPlatforms) = preSolution
		Debug|Any CPU = Debug|Any CPU
		Release|Any CPU = Release|Any CPU
	EndGlobalSection
	GlobalSection(ProjectConfigurationPlatforms) = postSolution
		{CE146B8D-2D0A-44F7-98B3-D4A414A99AB8}.Debug|Any CPU.ActiveCfg = Debug|Any CPU
		{CE146B8D-2D0A-44F7-98B3-D4A414A99AB8}.Debug|Any CPU.Build.0 = Debug|Any CPU
		{CE146B8D-2D0A-44F7-98B3-D4A414A99AB8}.Release|Any CPU.ActiveCfg = Release|Any CPU
		{CE146B8D-2D0A-44F7-98B3-D4A414A99AB8}.Release|Any CPU.Build.0 = Release|Any CPU
	EndGlobalSection
	GlobalSection(SolutionProperties) = preSolution
		HideSolutionNode = FALSE
	EndGlobalSection
	GlobalSection(ExtensibilityGlobals) = postSolution
		SolutionGuid = {A6975B0C-FF72-41A8-814E-E052DBB30D0D}
	EndGlobalSection
EndGlobal
